{
  "name": "-email",
  "version": "1.0.0",
  "lockfileVersion": 3,
  "requires": true,
  "packages": {
    "": {
      "name": "-email",
      "version": "1.0.0",
      "license": "ISC",
      "dependencies": {
        "dotenv": "^16.4.5",
        "nodemailer": "^6.9.14",
        "otp-generator": "^4.0.1",
        "two-step-auth": "^1.1.2"
      }
    },
    "node_modules/axios": {
      "version": "0.21.4",
      "resolved": "https://registry.npmjs.org/axios/-/axios-0.21.4.tgz",
      "integrity": "sha512-ut5vewkiu8jjGBdqpM44XxjuCjq9LAKeHVmoVfHVzy8eHgxxq8SbAVQNovDA8mVi05kP0Ea/n/UzcSHcTJQfNg==",
      "dependencies": {
        "follow-redirects": "^1.14.0"
      }
    },
    "node_modules/dotenv": {
      "version": "16.4.5",
      "resolved": "https://registry.npmjs.org/dotenv/-/dotenv-16.4.5.tgz",
      "integrity": "sha512-ZmdL2rui+eB2YwhsWzjInR8LldtZHGDoQ1ugH85ppHKwpUHL7j7rN0Ti9NCnGiQbhaZ11FpR+7ao1dNsmduNUg==",
      "engines": {
        "node": ">=12"
      },
      "funding": {
        "url": "https://dotenvx.com"
      }
    },
    "node_modules/follow-redirects": {
      "version": "1.15.6",
      "resolved": "https://registry.npmjs.org/follow-redirects/-/follow-redirects-1.15.6.tgz",
      "integrity": "sha512-wWN62YITEaOpSK584EZXJafH1AGpO8RVgElfkuXbTOrPX4fIfOyEpW/CsiNd8JdYrAoOvafRTOEnvsO++qCqFA==",
      "funding": [
        {
          "type": "individual",
          "url": "https://github.com/sponsors/RubenVerborgh"
        }
      ],
      "engines": {
        "node": ">=4.0"
      },
      "peerDependenciesMeta": {
        "debug": {
          "optional": true
        }
      }
    },
    "node_modules/nodemailer": {
      "version": "6.9.14",
      "resolved": "https://registry.npmjs.org/nodemailer/-/nodemailer-6.9.14.tgz",
      "integrity": "sha512-Dobp/ebDKBvz91sbtRKhcznLThrKxKt97GI2FAlAyy+fk19j73Uz3sBXolVtmcXjaorivqsbbbjDY+Jkt4/bQA==",
      "engines": {
        "node": ">=6.0.0"
      }
    },
    "node_modules/otp-generator": {
      "version": "4.0.1",
      "resolved": "https://registry.npmjs.org/otp-generator/-/otp-generator-4.0.1.tgz",
      "integrity": "sha512-2TJ52vUftA0+J3eque4wwVtpaL4/NdIXDL0gFWFJFVUAZwAN7+9tltMhL7GCNYaHJtuONoier8Hayyj4HLbSag==",
      "engines": {
        "node": ">=14.10.0"
      }
    },
    "node_modules/two-step-auth": {
      "version": "1.1.2",
      "resolved": "https://registry.npmjs.org/two-step-auth/-/two-step-auth-1.1.2.tgz",
      "integrity": "sha512-ve9s3yDIxd5X9FWb5ebcD3pitETer1EZLeq7yLR4sjHJ44GkOvUZLTrUJ4QLNlT5ofNbsxydBMR2/dc8hBl04g==",
      "dependencies": {
        "axios": "^0.21.0"
      }
    }
  }
}
